
Microsoft Visual Studio Solution File, Format Version 11.00
# Visual Studio 2010
Project("{54435603-DBB4-11D2-8724-00A0C9A8B90C}") = "encfs-installer", "encfs-installer.vdproj", "{732718D2-FFAA-469E-8562-C7529C5F3E92}"
EndProject
Project("{8BC9CEB8-8B4A-11D0-8D11-00A0C91BC942}") = "encfs", "encfs.vcxproj", "{141BBCF8-65C6-41E8-9CD2-0A8DD70F34D5}"
EndProject
Project("{8BC9CEB8-8B4A-11D0-8D11-00A0C91BC942}") = "encfsctl", "encfsctl.vcxproj", "{99BA1CE7-F2A2-4581-8B0A-DE4A5AD6C751}"
EndProject
Global
	GlobalSection(SolutionConfigurationPlatforms) = preSolution
		Debug|Win32 = Debug|Win32
		Debug|x64 = Debug|x64
		Release|Win32 = Release|Win32
		Release|x64 = Release|x64
	EndGlobalSection
	GlobalSection(ProjectConfigurationPlatforms) = postSolution
		{732718D2-FFAA-469E-8562-C7529C5F3E92}.Debug|Win32.ActiveCfg = Debug
		{732718D2-FFAA-469E-8562-C7529C5F3E92}.Debug|Win32.Build.0 = Debug
		{732718D2-FFAA-469E-8562-C7529C5F3E92}.Debug|x64.ActiveCfg = Debug
		{732718D2-FFAA-469E-8562-C7529C5F3E92}.Debug|x64.Build.0 = Debug
		{732718D2-FFAA-469E-8562-C7529C5F3E92}.Release|Win32.ActiveCfg = Release
		{732718D2-FFAA-469E-8562-C7529C5F3E92}.Release|Win32.Build.0 = Release
		{732718D2-FFAA-469E-8562-C7529C5F3E92}.Release|x64.ActiveCfg = Release
		{732718D2-FFAA-469E-8562-C7529C5F3E92}.Release|x64.Build.0 = Release
		{141BBCF8-65C6-41E8-9CD2-0A8DD70F34D5}.Debug|Win32.ActiveCfg = Debug|Win32
		{141BBCF8-65C6-41E8-9CD2-0A8DD70F34D5}.Debug|Win32.Build.0 = Debug|Win32
		{141BBCF8-65C6-41E8-9CD2-0A8DD70F34D5}.Debug|x64.ActiveCfg = Debug|x64
		{141BBCF8-65C6-41E8-9CD2-0A8DD70F34D5}.Debug|x64.Build.0 = Debug|x64
		{141BBCF8-65C6-41E8-9CD2-0A8DD70F34D5}.Release|Win32.ActiveCfg = Release|Win32
		{141BBCF8-65C6-41E8-9CD2-0A8DD70F34D5}.Release|Win32.Build.0 = Release|Win32
		{141BBCF8-65C6-41E8-9CD2-0A8DD70F34D5}.Release|x64.ActiveCfg = Release|x64
		{141BBCF8-65C6-41E8-9CD2-0A8DD70F34D5}.Release|x64.Build.0 = Release|x64
		{99BA1CE7-F2A2-4581-8B0A-DE4A5AD6C751}.Debug|Win32.ActiveCfg = Debug|Win32
		{99BA1CE7-F2A2-4581-8B0A-DE4A5AD6C751}.Debug|Win32.Build.0 = Debug|Win32
		{99BA1CE7-F2A2-4581-8B0A-DE4A5AD6C751}.Debug|x64.ActiveCfg = Debug|x64
		{99BA1CE7-F2A2-4581-8B0A-DE4A5AD6C751}.Debug|x64.Build.0 = Debug|x64
		{99BA1CE7-F2A2-4581-8B0A-DE4A5AD6C751}.Release|Win32.ActiveCfg = Release|Win32
		{99BA1CE7-F2A2-4581-8B0A-DE4A5AD6C751}.Release|Win32.Build.0 = Release|Win32
		{99BA1CE7-F2A2-4581-8B0A-DE4A5AD6C751}.Release|x64.ActiveCfg = Release|x64
		{99BA1CE7-F2A2-4581-8B0A-DE4A5AD6C751}.Release|x64.Build.0 = Release|x64
	EndGlobalSection
	GlobalSection(SolutionProperties) = preSolution
		HideSolutionNode = FALSE
	EndGlobalSection
EndGlobal
